
Microsoft Visual Studio Solution File, Format Version 12.00
# Visual Studio Version 17
VisualStudioVersion = 17.4.33122.133
MinimumVisualStudioVersion = 10.0.40219.1
Project("{FAE04EC0-301F-11D3-BF4B-00C04F79EFBC}") = "Aula12122022", "Aula12122022\Aula12122022.csproj", "{7D54CD73-F9AA-4AEE-A1B9-03A033813589}"
EndProject
Global
	GlobalSection(SolutionConfigurationPlatforms) = preSolution
		Debug|Any CPU = Debug|Any CPU
		Release|Any CPU = Release|Any CPU
	EndGlobalSection
	GlobalSection(ProjectConfigurationPlatforms) = postSolution
		{7D54CD73-F9AA-4AEE-A1B9-03A033813589}.Debug|Any CPU.ActiveCfg = Debug|Any CPU
		{7D54CD73-F9AA-4AEE-A1B9-03A033813589}.Debug|Any CPU.Build.0 = Debug|Any CPU
		{7D54CD73-F9AA-4AEE-A1B9-03A033813589}.Release|Any CPU.ActiveCfg = Release|Any CPU
		{7D54CD73-F9AA-4AEE-A1B9-03A033813589}.Release|Any CPU.Build.0 = Release|Any CPU
	EndGlobalSection
	GlobalSection(SolutionProperties) = preSolution
		HideSolutionNode = FALSE
	EndGlobalSection
	GlobalSection(ExtensibilityGlobals) = postSolution
		SolutionGuid = {54AD5215-E3C7-457E-9256-72E91ECAF3C1}
	EndGlobalSection
EndGlobal
